{
  "name": "breeze-entity-generator",
  "version": "1.2.0",
  "lockfileVersion": 2,
  "requires": true,
  "packages": {
    "": {
      "name": "breeze-entity-generator",
      "version": "1.2.0",
      "license": "MIT",
      "dependencies": {
        "handlebars": ">=4.1.2",
        "lodash": "^4.17.21"
      },
      "devDependencies": {
        "breeze-client": "^2.1.5"
      },
      "peerDependencies": {
        "breeze-client": ">=2.0.0"
      }
    },
    "node_modules/breeze-client": {
      "version": "2.1.5",
      "resolved": "https://registry.npmjs.org/breeze-client/-/breeze-client-2.1.5.tgz",
      "integrity": "sha512-MH/VFaXB8z1Odq6IWbYTF+zBtmn0892f79Gr8yvUGiFlvJoEOqN6NLiX88oNU9BKzd9CRvjRiFKWdFQ5zkziUA==",
      "dev": true,
      "dependencies": {
        "tslib": "^1.10.0"
      }
    },
    "node_modules/handlebars": {
      "version": "4.7.7",
      "license": "MIT",
      "dependencies": {
        "minimist": "^1.2.5",
        "neo-async": "^2.6.0",
        "source-map": "^0.6.1",
        "wordwrap": "^1.0.0"
      },
      "bin": {
        "handlebars": "bin/handlebars"
      },
      "engines": {
        "node": ">=0.4.7"
      },
      "optionalDependencies": {
        "uglify-js": "^3.1.4"
      }
    },
    "node_modules/lodash": {
      "version": "4.17.21",
      "license": "MIT"
    },
    "node_modules/minimist": {
      "version": "1.2.7",
      "license": "MIT",
      "funding": {
        "url": "https://github.com/sponsors/ljharb"
      }
    },
    "node_modules/neo-async": {
      "version": "2.6.2",
      "license": "MIT"
    },
    "node_modules/source-map": {
      "version": "0.6.1",
      "license": "BSD-3-Clause",
      "engines": {
        "node": ">=0.10.0"
      }
    },
    "node_modules/tslib": {
      "version": "1.14.1",
      "dev": true,
      "license": "0BSD"
    },
    "node_modules/uglify-js": {
      "version": "3.17.4",
      "license": "BSD-2-Clause",
      "optional": true,
      "bin": {
        "uglifyjs": "bin/uglifyjs"
      },
      "engines": {
        "node": ">=0.8.0"
      }
    },
    "node_modules/wordwrap": {
      "version": "1.0.0",
      "license": "MIT"
    }
  },
  "dependencies": {
    "breeze-client": {
      "version": "2.1.5",
      "resolved": "https://registry.npmjs.org/breeze-client/-/breeze-client-2.1.5.tgz",
      "integrity": "sha512-MH/VFaXB8z1Odq6IWbYTF+zBtmn0892f79Gr8yvUGiFlvJoEOqN6NLiX88oNU9BKzd9CRvjRiFKWdFQ5zkziUA==",
      "dev": true,
      "requires": {
        "tslib": "^1.10.0"
      }
    },
    "handlebars": {
      "version": "4.7.7",
      "requires": {
        "minimist": "^1.2.5",
        "neo-async": "^2.6.0",
        "source-map": "^0.6.1",
        "uglify-js": "^3.1.4",
        "wordwrap": "^1.0.0"
      }
    },
    "lodash": {
      "version": "4.17.21"
    },
    "minimist": {
      "version": "1.2.7"
    },
    "neo-async": {
      "version": "2.6.2"
    },
    "source-map": {
      "version": "0.6.1"
    },
    "tslib": {
      "version": "1.14.1",
      "dev": true
    },
    "uglify-js": {
      "version": "3.17.4",
      "optional": true
    },
    "wordwrap": {
      "version": "1.0.0"
    }
  }
}
