
Microsoft Visual Studio Solution File, Format Version 12.00
# Visual Studio 14
VisualStudioVersion = 14.0.24720.0
MinimumVisualStudioVersion = 10.0.40219.1
Project("{FAE04EC0-301F-11D3-BF4B-00C04F79EFBC}") = "MetadataGenerator", "MetadataGenerator\MetadataGenerator.csproj", "{A62A5768-F33F-48E5-B4FD-41E5A6091D4C}"
EndProject
Global
	GlobalSection(SolutionConfigurationPlatforms) = preSolution
		Debug|Any CPU = Debug|Any CPU
		Release|Any CPU = Release|Any CPU
	EndGlobalSection
	GlobalSection(ProjectConfigurationPlatforms) = postSolution
		{A62A5768-F33F-48E5-B4FD-41E5A6091D4C}.Debug|Any CPU.ActiveCfg = Debug|Any CPU
		{A62A5768-F33F-48E5-B4FD-41E5A6091D4C}.Debug|Any CPU.Build.0 = Debug|Any CPU
		{A62A5768-F33F-48E5-B4FD-41E5A6091D4C}.Release|Any CPU.ActiveCfg = Release|Any CPU
		{A62A5768-F33F-48E5-B4FD-41E5A6091D4C}.Release|Any CPU.Build.0 = Release|Any CPU
	EndGlobalSection
	GlobalSection(SolutionProperties) = preSolution
		HideSolutionNode = FALSE
	EndGlobalSection
EndGlobal
